<?xml version="1.0" encoding="utf-8"?>
<Project ToolsVersion="4.0" xmlns="http://schemas.microsoft.com/developer/msbuild/2003">
  <ItemGroup>
    <Filter Include="Engine">
      <UniqueIdentifier>{51f9de63-ef4d-4061-90cc-d605fdce08cd}</UniqueIdentifier>
    </Filter>
    <Filter Include="Game">
      <UniqueIdentifier>{45e335ac-8d2a-43e9-9cbb-4c9a9966a626}</UniqueIdentifier>
    </Filter>
    <Filter Include="Game\Arquivos de Recurso">
      <UniqueIdentifier>{67DA6AB6-F800-4c08-8B7A-83BB121AAD01}</UniqueIdentifier>
      <Extensions>rc;ico;cur;bmp;dlg;rc2;rct;bin;rgs;gif;jpg;jpeg;jpe;resx;tiff;tif;png;wav;mfcribbon-ms</Extensions>
    </Filter>
    <Filter Include="Game\Arquivos de Origem">
      <UniqueIdentifier>{4FC737F1-C7A5-4376-A066-2A32D752A2FF}</UniqueIdentifier>
      <Extensions>cpp;c;cc;cxx;def;odl;idl;hpj;bat;asm;asmx</Extensions>
    </Filter>
    <Filter Include="Game\Arquivos de Cabeçalho">
      <UniqueIdentifier>{93995380-89BD-4b04-88EB-625FBE52EBFB}</UniqueIdentifier>
      <Extensions>h;hh;hpp;hxx;hm;inl;inc;ipp;xsd</Extensions>
    </Filter>
    <Filter Include="Engine\Arquivos de Cabeçalho">
      <UniqueIdentifier>{63d6b6cb-94da-4ec0-b9e7-303df5493ea2}</UniqueIdentifier>
    </Filter>
    <Filter Include="Engine\Arquivos de Origem">
      <UniqueIdentifier>{5eadd7a2-2dcf-4c3e-8d58-62456b9e779d}</UniqueIdentifier>
    </Filter>
    <Filter Include="Engine\Arquivos de Sombreamento">
      <UniqueIdentifier>{8ff08415-84d4-47a4-9e84-2e97dbcea9ed}</UniqueIdentifier>
    </Filter>
  </ItemGroup>
  <ItemGroup>
    <ClCompile Include="src\Engine\Animation.cpp">
      <Filter>Engine\Arquivos de Origem</Filter>
    </ClCompile>
    <ClCompile Include="src\Engine\Engine.cpp">
      <Filter>Engine\Arquivos de Origem</Filter>
    </ClCompile>
    <ClCompile Include="src\Engine\Game.cpp">
      <Filter>Engine\Arquivos de Origem</Filter>
    </ClCompile>
    <ClCompile Include="src\Engine\Geometry.cpp">
      <Filter>Engine\Arquivos de Origem</Filter>
    </ClCompile>
    <ClCompile Include="src\Engine\Graphics.cpp">
      <Filter>Engine\Arquivos de Origem</Filter>
    </ClCompile>
    <ClCompile Include="src\Engine\Image.cpp">
      <Filter>Engine\Arquivos de Origem</Filter>
    </ClCompile>
    <ClCompile Include="src\Engine\Object.cpp">
      <Filter>Engine\Arquivos de Origem</Filter>
    </ClCompile>
    <ClCompile Include="src\Engine\Renderer.cpp">
      <Filter>Engine\Arquivos de Origem</Filter>
    </ClCompile>
    <ClCompile Include="src\Engine\Scene.cpp">
      <Filter>Engine\Arquivos de Origem</Filter>
    </ClCompile>
    <ClCompile Include="src\Engine\Sprite.cpp">
      <Filter>Engine\Arquivos de Origem</Filter>
    </ClCompile>
    <ClCompile Include="src\Engine\Texture.cpp">
      <Filter>Engine\Arquivos de Origem</Filter>
    </ClCompile>
    <ClCompile Include="src\Engine\TileSet.cpp">
      <Filter>Engine\Arquivos de Origem</Filter>
    </ClCompile>
    <ClCompile Include="src\Engine\Timer.cpp">
      <Filter>Engine\Arquivos de Origem</Filter>
    </ClCompile>
    <ClCompile Include="src\Engine\Window.cpp">
      <Filter>Engine\Arquivos de Origem</Filter>
    </ClCompile>
    <ClCompile Include="src\Game\Bomberman.cpp">
      <Filter>Game\Arquivos de Origem</Filter>
    </ClCompile>
    <ClCompile Include="src\Game\Player.cpp">
      <Filter>Game\Arquivos de Origem</Filter>
    </ClCompile>
    <ClCompile Include="src\Engine\Audio.cpp">
      <Filter>Engine\Arquivos de Origem</Filter>
    </ClCompile>
    <ClCompile Include="src\Engine\Font.cpp">
      <Filter>Engine\Arquivos de Origem</Filter>
    </ClCompile>
    <ClCompile Include="src\Engine\Sound.cpp">
      <Filter>Engine\Arquivos de Origem</Filter>
    </ClCompile>
    <ClCompile Include="src\Game\Scoreboard.cpp">
      <Filter>Game\Arquivos de Origem</Filter>
    </ClCompile>
    <ClCompile Include="src\Game\Background.cpp">
      <Filter>Game\Arquivos de Origem</Filter>
    </ClCompile>
    <ClCompile Include="src\Game\Intro.cpp">
      <Filter>Game\Arquivos de Origem</Filter>
    </ClCompile>
    <ClCompile Include="src\Game\Home.cpp">
      <Filter>Game\Arquivos de Origem</Filter>
    </ClCompile>
    <ClCompile Include="src\Game\Stage1.cpp">
      <Filter>Game\Arquivos de Origem</Filter>
    </ClCompile>
    <ClCompile Include="src\Game\Bomb.cpp">
      <Filter>Game\Arquivos de Origem</Filter>
    </ClCompile>
    <ClCompile Include="src\Game\Explosion.cpp">
      <Filter>Game\Arquivos de Origem</Filter>
    </ClCompile>
    <ClCompile Include="src\Game\building.cpp">
      <Filter>Game\Arquivos de Origem</Filter>
    </ClCompile>
    <ClCompile Include="src\Game\Block.cpp">
      <Filter>Game\Arquivos de Origem</Filter>
    </ClCompile>
    <ClCompile Include="src\Game\Portal.cpp">
      <Filter>Game\Arquivos de Origem</Filter>
    </ClCompile>
    <ClCompile Include="src\Game\Powerup.cpp">
      <Filter>Game\Arquivos de Origem</Filter>
    </ClCompile>
    <ClCompile Include="src\Game\TilesManager.cpp">
      <Filter>Game\Arquivos de Origem</Filter>
    </ClCompile>
  </ItemGroup>
  <ItemGroup>
    <ClInclude Include="src\Engine\Animation.h">
      <Filter>Engine\Arquivos de Cabeçalho</Filter>
    </ClInclude>
    <ClInclude Include="src\Engine\Engine.h">
      <Filter>Engine\Arquivos de Cabeçalho</Filter>
    </ClInclude>
    <ClInclude Include="src\Engine\Game.h">
      <Filter>Engine\Arquivos de Cabeçalho</Filter>
    </ClInclude>
    <ClInclude Include="src\Engine\Geometry.h">
      <Filter>Engine\Arquivos de Cabeçalho</Filter>
    </ClInclude>
    <ClInclude Include="src\Engine\Graphics.h">
      <Filter>Engine\Arquivos de Cabeçalho</Filter>
    </ClInclude>
    <ClInclude Include="src\Engine\Image.h">
      <Filter>Engine\Arquivos de Cabeçalho</Filter>
    </ClInclude>
    <ClInclude Include="src\Engine\Object.h">
      <Filter>Engine\Arquivos de Cabeçalho</Filter>
    </ClInclude>
    <ClInclude Include="src\Engine\Renderer.h">
      <Filter>Engine\Arquivos de Cabeçalho</Filter>
    </ClInclude>
    <ClInclude Include="src\Engine\Scene.h">
      <Filter>Engine\Arquivos de Cabeçalho</Filter>
    </ClInclude>
    <ClInclude Include="src\Engine\Sprite.h">
      <Filter>Engine\Arquivos de Cabeçalho</Filter>
    </ClInclude>
    <ClInclude Include="src\Engine\Texture.h">
      <Filter>Engine\Arquivos de Cabeçalho</Filter>
    </ClInclude>
    <ClInclude Include="src\Engine\TileSet.h">
      <Filter>Engine\Arquivos de Cabeçalho</Filter>
    </ClInclude>
    <ClInclude Include="src\Engine\Timer.h">
      <Filter>Engine\Arquivos de Cabeçalho</Filter>
    </ClInclude>
    <ClInclude Include="src\Engine\Types.h">
      <Filter>Engine\Arquivos de Cabeçalho</Filter>
    </ClInclude>
    <ClInclude Include="src\Engine\Window.h">
      <Filter>Engine\Arquivos de Cabeçalho</Filter>
    </ClInclude>
    <ClInclude Include="src\Game\Resources.h">
      <Filter>Game\Arquivos de Cabeçalho</Filter>
    </ClInclude>
    <ClInclude Include="src\Game\Bomberman.h">
      <Filter>Game\Arquivos de Cabeçalho</Filter>
    </ClInclude>
    <ClInclude Include="src\Game\Player.h">
      <Filter>Game\Arquivos de Cabeçalho</Filter>
    </ClInclude>
    <ClInclude Include="src\Game\Scoreboard.h">
      <Filter>Game\Arquivos de Cabeçalho</Filter>
    </ClInclude>
    <ClInclude Include="src\Engine\Audio.h">
      <Filter>Engine\Arquivos de Cabeçalho</Filter>
    </ClInclude>
    <ClInclude Include="src\Engine\Font.h">
      <Filter>Engine\Arquivos de Cabeçalho</Filter>
    </ClInclude>
    <ClInclude Include="src\Engine\Sound.h">
      <Filter>Engine\Arquivos de Cabeçalho</Filter>
    </ClInclude>
    <ClInclude Include="src\Game\Intro.h">
      <Filter>Game\Arquivos de Cabeçalho</Filter>
    </ClInclude>
    <ClInclude Include="src\Game\Home.h">
      <Filter>Game\Arquivos de Cabeçalho</Filter>
    </ClInclude>
    <ClInclude Include="src\Game\Background.h">
      <Filter>Game\Arquivos de Cabeçalho</Filter>
    </ClInclude>
    <ClInclude Include="src\Game\Stage1.h">
      <Filter>Game\Arquivos de Cabeçalho</Filter>
    </ClInclude>
    <ClInclude Include="src\Game\Bomb.h">
      <Filter>Game\Arquivos de Cabeçalho</Filter>
    </ClInclude>
    <ClInclude Include="src\Game\Explosion.h">
      <Filter>Game\Arquivos de Cabeçalho</Filter>
    </ClInclude>
    <ClInclude Include="src\Game\Building.h">
      <Filter>Game\Arquivos de Cabeçalho</Filter>
    </ClInclude>
    <ClInclude Include="src\Game\Block.h">
      <Filter>Game\Arquivos de Cabeçalho</Filter>
    </ClInclude>
    <ClInclude Include="src\Game\Portal.h">
      <Filter>Game\Arquivos de Cabeçalho</Filter>
    </ClInclude>
    <ClInclude Include="src\Game\Powerup.h">
      <Filter>Game\Arquivos de Cabeçalho</Filter>
    </ClInclude>
    <ClInclude Include="src\Game\Enums.h">
      <Filter>Game\Arquivos de Cabeçalho</Filter>
    </ClInclude>
    <ClInclude Include="src\Game\TilesManager.h">
      <Filter>Game\Arquivos de Cabeçalho</Filter>
    </ClInclude>
  </ItemGroup>
  <ItemGroup>
    <FxCompile Include="src\Engine\Pixel.hlsl">
      <Filter>Engine\Arquivos de Sombreamento</Filter>
    </FxCompile>
    <FxCompile Include="src\Engine\Vertex.hlsl">
      <Filter>Engine\Arquivos de Sombreamento</Filter>
    </FxCompile>
  </ItemGroup>
  <ItemGroup>
    <ResourceCompile Include="src\Game\Resources.rc">
      <Filter>Game\Arquivos de Recurso</Filter>
    </ResourceCompile>
  </ItemGroup>
</Project>